
Microsoft Visual Studio Solution File, Format Version 12.00
# Visual Studio Version 16
VisualStudioVersion = 16.0.29123.89
MinimumVisualStudioVersion = 10.0.40219.1
Project("{FAE04EC0-301F-11D3-BF4B-00C04F79EFBC}") = "ConfigFileGenerator", "ConfigFileGenerator\ConfigFileGenerator.csproj", "{4E6A4CE5-79FE-46D8-AD37-3F829261163F}"
EndProject
Project("{FAE04EC0-301F-11D3-BF4B-00C04F79EFBC}") = "ConfigFileGenerator.ConfigCreator", "ConfigFileGenerator.ConfigCreator\ConfigFileGenerator.ConfigCreator.csproj", "{1A384F41-E1B9-4832-BDF6-8EAA1AED4530}"
EndProject
Project("{FAE04EC0-301F-11D3-BF4B-00C04F79EFBC}") = "ConfigFileGeneratorTests", "ConfigFileGeneratorTests\ConfigFileGeneratorTests.csproj", "{2F9938FD-A7E4-4074-8B28-DDFED98BDC36}"
EndProject
Global
	GlobalSection(SolutionConfigurationPlatforms) = preSolution
		Debug|Any CPU = Debug|Any CPU
		Release|Any CPU = Release|Any CPU
	EndGlobalSection
	GlobalSection(ProjectConfigurationPlatforms) = postSolution
		{4E6A4CE5-79FE-46D8-AD37-3F829261163F}.Debug|Any CPU.ActiveCfg = Debug|Any CPU
		{4E6A4CE5-79FE-46D8-AD37-3F829261163F}.Debug|Any CPU.Build.0 = Debug|Any CPU
		{4E6A4CE5-79FE-46D8-AD37-3F829261163F}.Release|Any CPU.ActiveCfg = Release|Any CPU
		{4E6A4CE5-79FE-46D8-AD37-3F829261163F}.Release|Any CPU.Build.0 = Release|Any CPU
		{1A384F41-E1B9-4832-BDF6-8EAA1AED4530}.Debug|Any CPU.ActiveCfg = Debug|Any CPU
		{1A384F41-E1B9-4832-BDF6-8EAA1AED4530}.Debug|Any CPU.Build.0 = Debug|Any CPU
		{1A384F41-E1B9-4832-BDF6-8EAA1AED4530}.Release|Any CPU.ActiveCfg = Release|Any CPU
		{1A384F41-E1B9-4832-BDF6-8EAA1AED4530}.Release|Any CPU.Build.0 = Release|Any CPU
		{2F9938FD-A7E4-4074-8B28-DDFED98BDC36}.Debug|Any CPU.ActiveCfg = Debug|Any CPU
		{2F9938FD-A7E4-4074-8B28-DDFED98BDC36}.Debug|Any CPU.Build.0 = Debug|Any CPU
		{2F9938FD-A7E4-4074-8B28-DDFED98BDC36}.Release|Any CPU.ActiveCfg = Release|Any CPU
		{2F9938FD-A7E4-4074-8B28-DDFED98BDC36}.Release|Any CPU.Build.0 = Release|Any CPU
	EndGlobalSection
	GlobalSection(SolutionProperties) = preSolution
		HideSolutionNode = FALSE
	EndGlobalSection
	GlobalSection(ExtensibilityGlobals) = postSolution
		SolutionGuid = {4556ADD0-2FB3-46B6-98F4-5CC8630564A3}
	EndGlobalSection
EndGlobal
